
Microsoft Visual Studio Solution File, Format Version 12.00
# Visual Studio Version 17
VisualStudioVersion = 17.14.36511.14 d17.14
MinimumVisualStudioVersion = 10.0.40219.1
Project("{FAE04EC0-301F-11D3-BF4B-00C04F79EFBC}") = "AgriShop.API", "AgriShop.API\AgriShop.API.csproj", "{0FCB89F7-7AAE-42FA-82E3-7BBE6A90687A}"
EndProject
Project("{FAE04EC0-301F-11D3-BF4B-00C04F79EFBC}") = "AgriShop.Data", "AgriShop.Data\AgriShop.Data.csproj", "{430AD9FD-8CDB-44BB-AB45-CECC049CA975}"
EndProject
Project("{FAE04EC0-301F-11D3-BF4B-00C04F79EFBC}") = "AgriShop.Business", "AgriShop.Business\AgriShop.Business.csproj", "{AE058F2C-0E0F-4406-968C-84D7F39DE5FF}"
EndProject
Project("{FAE04EC0-301F-11D3-BF4B-00C04F79EFBC}") = "AgriShop.Repository", "AgriShop.Repository\AgriShop.Repository.csproj", "{42A814D3-676D-4C32-9D89-9ADF754B857D}"
EndProject
Project("{FAE04EC0-301F-11D3-BF4B-00C04F79EFBC}") = "AgriShop.Common", "AgriShop.Common\AgriShop.Common.csproj", "{3B13150C-0C9A-43B8-B2D6-39834D9BA651}"
EndProject
Project("{2150E333-8FDC-42A3-9474-1A3956D46DE8}") = ".github", ".github", "{02EA681E-C7D8-13C7-8484-4AC65E1B71E8}"
EndProject
Project("{2150E333-8FDC-42A3-9474-1A3956D46DE8}") = "workflows", "workflows", "{840980EC-BD82-4DBC-82A6-380D4F1A25AA}"
	ProjectSection(SolutionItems) = preProject
		ci-pr.yml = ci-pr.yml
	EndProjectSection
EndProject
Global
	GlobalSection(SolutionConfigurationPlatforms) = preSolution
		Debug|Any CPU = Debug|Any CPU
		Release|Any CPU = Release|Any CPU
	EndGlobalSection
	GlobalSection(ProjectConfigurationPlatforms) = postSolution
		{0FCB89F7-7AAE-42FA-82E3-7BBE6A90687A}.Debug|Any CPU.ActiveCfg = Debug|Any CPU
		{0FCB89F7-7AAE-42FA-82E3-7BBE6A90687A}.Debug|Any CPU.Build.0 = Debug|Any CPU
		{0FCB89F7-7AAE-42FA-82E3-7BBE6A90687A}.Release|Any CPU.ActiveCfg = Release|Any CPU
		{0FCB89F7-7AAE-42FA-82E3-7BBE6A90687A}.Release|Any CPU.Build.0 = Release|Any CPU
		{430AD9FD-8CDB-44BB-AB45-CECC049CA975}.Debug|Any CPU.ActiveCfg = Debug|Any CPU
		{430AD9FD-8CDB-44BB-AB45-CECC049CA975}.Debug|Any CPU.Build.0 = Debug|Any CPU
		{430AD9FD-8CDB-44BB-AB45-CECC049CA975}.Release|Any CPU.ActiveCfg = Release|Any CPU
		{430AD9FD-8CDB-44BB-AB45-CECC049CA975}.Release|Any CPU.Build.0 = Release|Any CPU
		{AE058F2C-0E0F-4406-968C-84D7F39DE5FF}.Debug|Any CPU.ActiveCfg = Debug|Any CPU
		{AE058F2C-0E0F-4406-968C-84D7F39DE5FF}.Debug|Any CPU.Build.0 = Debug|Any CPU
		{AE058F2C-0E0F-4406-968C-84D7F39DE5FF}.Release|Any CPU.ActiveCfg = Release|Any CPU
		{AE058F2C-0E0F-4406-968C-84D7F39DE5FF}.Release|Any CPU.Build.0 = Release|Any CPU
		{42A814D3-676D-4C32-9D89-9ADF754B857D}.Debug|Any CPU.ActiveCfg = Debug|Any CPU
		{42A814D3-676D-4C32-9D89-9ADF754B857D}.Debug|Any CPU.Build.0 = Debug|Any CPU
		{42A814D3-676D-4C32-9D89-9ADF754B857D}.Release|Any CPU.ActiveCfg = Release|Any CPU
		{42A814D3-676D-4C32-9D89-9ADF754B857D}.Release|Any CPU.Build.0 = Release|Any CPU
		{3B13150C-0C9A-43B8-B2D6-39834D9BA651}.Debug|Any CPU.ActiveCfg = Debug|Any CPU
		{3B13150C-0C9A-43B8-B2D6-39834D9BA651}.Debug|Any CPU.Build.0 = Debug|Any CPU
		{3B13150C-0C9A-43B8-B2D6-39834D9BA651}.Release|Any CPU.ActiveCfg = Release|Any CPU
		{3B13150C-0C9A-43B8-B2D6-39834D9BA651}.Release|Any CPU.Build.0 = Release|Any CPU
	EndGlobalSection
	GlobalSection(SolutionProperties) = preSolution
		HideSolutionNode = FALSE
	EndGlobalSection
	GlobalSection(NestedProjects) = preSolution
		{840980EC-BD82-4DBC-82A6-380D4F1A25AA} = {02EA681E-C7D8-13C7-8484-4AC65E1B71E8}
	EndGlobalSection
	GlobalSection(ExtensibilityGlobals) = postSolution
		SolutionGuid = {BFB9A6C2-C69B-44B9-BB4C-3DC9925D1656}
	EndGlobalSection
EndGlobal
